{
  "version": 4,
  "terraform_version": "1.2.2",
  "serial": 23,
  "lineage": "c5b028cd-d35a-b846-c26d-6d31dd2c1fe5",
  "outputs": {
    "adresse_ip_instance": {
      "value": "3.228.22.67",
      "type": "string"
    },
    "website_bucket_name": {
      "value": "aurelie-terraform-module",
      "type": "string"
    },
    "website_endpoint": {
      "value": "aurelie-terraform-module.s3-website-us-east-1.amazonaws.com",
      "type": "string"
    }
  },
  "resources": [
    {
      "mode": "data",
      "type": "archive_file",
      "name": "lambda_zip",
      "provider": "provider[\"registry.terraform.io/hashicorp/archive\"]",
      "instances": [
        {
          "schema_version": 0,
          "attributes": {
            "excludes": null,
            "id": "14dab93060a561723aaea7ff7f4974d623335979",
            "output_base64sha256": "8Wl6MYScMCyyWbhE9Wk+fMDV6DkdIPvDCJA9FyzuOWo=",
            "output_file_mode": null,
            "output_md5": "96ec0855af0577fe46082c857742de6a",
            "output_path": "hello-world.zip",
            "output_sha": "14dab93060a561723aaea7ff7f4974d623335979",
            "output_size": 355,
            "source": [],
            "source_content": null,
            "source_content_filename": null,
            "source_dir": null,
            "source_file": "hello.js",
            "type": "zip"
          },
          "sensitive_attributes": []
        }
      ]
    },
    {
      "mode": "data",
      "type": "aws_ami",
      "name": "ubuntu-ami",
      "provider": "provider[\"registry.terraform.io/hashicorp/aws\"]",
      "instances": [
        {
          "schema_version": 0,
          "attributes": {
            "architecture": "x86_64",
            "arn": "arn:aws:ec2:us-east-1::image/ami-085925f297f89fce1",
            "block_device_mappings": [
              {
                "device_name": "/dev/sda1",
                "ebs": {
                  "delete_on_termination": "true",
                  "encrypted": "false",
                  "iops": "0",
                  "snapshot_id": "snap-0f70c3b7343376ea2",
                  "throughput": "0",
                  "volume_size": "8",
                  "volume_type": "gp2"
                },
                "no_device": "",
                "virtual_name": ""
              },
              {
                "device_name": "/dev/sdb",
                "ebs": {},
                "no_device": "",
                "virtual_name": "ephemeral0"
              },
              {
                "device_name": "/dev/sdc",
                "ebs": {},
                "no_device": "",
                "virtual_name": "ephemeral1"
              }
            ],
            "boot_mode": "",
            "creation_date": "2020-04-09T16:44:13.000Z",
            "deprecation_time": "2022-06-30T23:59:59.000Z",
            "description": "Canonical, Ubuntu, 18.04 LTS, amd64 bionic image build on 2020-04-08",
            "ena_support": true,
            "executable_users": null,
            "filter": [
              {
                "name": "name",
                "values": [
                  "ubuntu/images/hvm-ssd/ubuntu-bionic-18.04-amd64-server-20200408"
                ]
              }
            ],
            "hypervisor": "xen",
            "id": "ami-085925f297f89fce1",
            "image_id": "ami-085925f297f89fce1",
            "image_location": "099720109477/ubuntu/images/hvm-ssd/ubuntu-bionic-18.04-amd64-server-20200408",
            "image_owner_alias": "",
            "image_type": "machine",
            "kernel_id": "",
            "most_recent": true,
            "name": "ubuntu/images/hvm-ssd/ubuntu-bionic-18.04-amd64-server-20200408",
            "name_regex": null,
            "owner_id": "099720109477",
            "owners": [
              "099720109477"
            ],
            "platform": "",
            "platform_details": "Linux/UNIX",
            "product_codes": [],
            "public": true,
            "ramdisk_id": "",
            "root_device_name": "/dev/sda1",
            "root_device_type": "ebs",
            "root_snapshot_id": "snap-0f70c3b7343376ea2",
            "sriov_net_support": "simple",
            "state": "available",
            "state_reason": {
              "code": "UNSET",
              "message": "UNSET"
            },
            "tags": {},
            "tpm_support": "",
            "usage_operation": "RunInstances",
            "virtualization_type": "hvm"
          },
          "sensitive_attributes": []
        }
      ]
    },
    {
      "mode": "data",
      "type": "aws_ec2_instance_types",
      "name": "ami_instance",
      "provider": "provider[\"registry.terraform.io/hashicorp/aws\"]",
      "instances": [
        {
          "schema_version": 0,
          "attributes": {
            "filter": [
              {
                "name": "processor-info.supported-architecture",
                "values": [
                  "x86_64"
                ]
              }
            ],
            "id": "us-east-1",
            "instance_types": [
              "x2iezn.4xlarge",
              "c6i.4xlarge",
              "r6id.2xlarge",
              "c5ad.12xlarge",
              "z1d.2xlarge",
              "c5d.large",
              "c4.4xlarge",
              "m2.4xlarge",
              "c5ad.24xlarge",
              "m5dn.2xlarge",
              "x2iedn.2xlarge",
              "m5zn.2xlarge",
              "r6id.12xlarge",
              "c6a.48xlarge",
              "r6i.xlarge",
              "c5n.large",
              "c4.8xlarge",
              "i4i.16xlarge",
              "r5n.12xlarge",
              "x2iedn.xlarge",
              "r6id.16xlarge",
              "m5d.xlarge",
              "c6i.2xlarge",
              "r5.24xlarge",
              "c3.large",
              "t2.2xlarge",
              "m6a.large",
              "x1.16xlarge",
              "x1e.32xlarge",
              "m5ad.12xlarge",
              "c3.8xlarge",
              "m5ad.4xlarge",
              "m5zn.6xlarge",
              "m6id.12xlarge",
              "d3en.8xlarge",
              "m5a.16xlarge",
              "c6i.32xlarge",
              "c6i.large",
              "d3en.2xlarge",
              "d2.8xlarge",
              "c6i.8xlarge",
              "g3.16xlarge",
              "c5n.2xlarge",
              "g5.4xlarge",
              "m6a.2xlarge",
              "r5ad.24xlarge",
              "i2.2xlarge",
              "m6id.2xlarge",
              "i3en.3xlarge",
              "m5.8xlarge",
              "m6id.xlarge",
              "f1.2xlarge",
              "r6id.xlarge",
              "m6i.large",
              "m5a.2xlarge",
              "c5ad.4xlarge",
              "r5dn.8xlarge",
              "m5dn.large",
              "m5dn.12xlarge",
              "t1.micro",
              "m4.4xlarge",
              "r3.large",
              "g5.2xlarge",
              "c6a.16xlarge",
              "r4.16xlarge",
              "r5a.2xlarge",
              "m5a.4xlarge",
              "m5d.8xlarge",
              "x1e.8xlarge",
              "m5n.16xlarge",
              "x1e.2xlarge",
              "r5a.xlarge",
              "r5b.12xlarge",
              "c6a.24xlarge",
              "m5zn.large",
              "i3en.12xlarge",
              "c6id.8xlarge",
              "i3en.24xlarge",
              "x2iezn.8xlarge",
              "m5ad.2xlarge",
              "m5dn.xlarge",
              "r5.large",
              "c5n.9xlarge",
              "r5ad.8xlarge",
              "c5a.xlarge",
              "c6i.24xlarge",
              "g4ad.4xlarge",
              "g3.8xlarge",
              "r3.8xlarge",
              "t3a.small",
              "c5.xlarge",
              "m5d.metal",
              "c4.large",
              "m5d.16xlarge",
              "c5a.12xlarge",
              "m6a.metal",
              "r5a.16xlarge",
              "m5ad.8xlarge",
              "p2.8xlarge",
              "z1d.xlarge",
              "t3a.2xlarge",
              "t3.xlarge",
              "m5d.large",
              "i4i.4xlarge",
              "u-3tb1.56xlarge",
              "h1.8xlarge",
              "m5.xlarge",
              "m6id.32xlarge",
              "g4dn.metal",
              "r6id.4xlarge",
              "m4.xlarge",
              "t3.2xlarge",
              "g4dn.12xlarge",
              "g5.24xlarge",
              "c6id.large",
              "r5ad.12xlarge",
              "r5b.large",
              "m5n.8xlarge",
              "m5dn.8xlarge",
              "r5b.metal",
              "c6id.16xlarge",
              "r5a.12xlarge",
              "p3.2xlarge",
              "m2.2xlarge",
              "d2.2xlarge",
              "x2idn.24xlarge",
              "c5.4xlarge",
              "m6i.8xlarge",
              "c5d.12xlarge",
              "c5ad.xlarge",
              "d3.8xlarge",
              "r5n.4xlarge",
              "r6i.4xlarge",
              "t3.large",
              "m5.metal",
              "t3.medium",
              "r6i.24xlarge",
              "t2.large",
              "c6id.24xlarge",
              "x2iedn.metal",
              "c6a.32xlarge",
              "m6i.24xlarge",
              "g4ad.8xlarge",
              "c6i.16xlarge",
              "g4ad.2xlarge",
              "i4i.metal",
              "r5a.large",
              "c5a.4xlarge",
              "c1.xlarge",
              "m5.12xlarge",
              "c5ad.16xlarge",
              "inf1.xlarge",
              "c5n.4xlarge",
              "m5ad.large",
              "c5d.2xlarge",
              "m5.24xlarge",
              "c6a.12xlarge",
              "r5d.2xlarge",
              "r5ad.large",
              "r5.16xlarge",
              "r5dn.metal",
              "vt1.3xlarge",
              "m1.xlarge",
              "inf1.6xlarge",
              "t2.micro",
              "r5dn.large",
              "c5.12xlarge",
              "i2.xlarge",
              "r5b.24xlarge",
              "m6i.16xlarge",
              "r5d.16xlarge",
              "r4.2xlarge",
              "m4.large",
              "r5dn.xlarge",
              "c1.medium",
              "g3.4xlarge",
              "vt1.6xlarge",
              "h1.4xlarge",
              "m6a.4xlarge",
              "c5d.18xlarge",
              "r5b.xlarge",
              "m5zn.12xlarge",
              "r5a.4xlarge",
              "m5n.4xlarge",
              "inf1.2xlarge",
              "c5d.4xlarge",
              "r6id.32xlarge",
              "m5a.8xlarge",
              "r3.4xlarge",
              "c6a.8xlarge",
              "r6id.24xlarge",
              "m5n.12xlarge",
              "d3.xlarge",
              "i4i.2xlarge",
              "c5d.24xlarge",
              "r5b.2xlarge",
              "g5.12xlarge",
              "u-6tb1.56xlarge",
              "m3.xlarge",
              "m5n.large",
              "m4.16xlarge",
              "r3.2xlarge",
              "m6i.4xlarge",
              "t3.nano",
              "c5a.2xlarge",
              "m5zn.3xlarge",
              "m5.4xlarge",
              "r5d.4xlarge",
              "d3en.4xlarge",
              "m5d.24xlarge",
              "r5n.24xlarge",
              "m6i.metal",
              "r5d.large",
              "c5.metal",
              "c6a.metal",
              "u-12tb1.112xlarge",
              "g2.2xlarge",
              "c5a.24xlarge",
              "r5n.2xlarge",
              "r5b.4xlarge",
              "c5.24xlarge",
              "x2idn.metal",
              "r5d.xlarge",
              "c3.xlarge",
              "d3en.6xlarge",
              "r5.4xlarge",
              "h1.2xlarge",
              "d3.2xlarge",
              "t3a.medium",
              "p4d.24xlarge",
              "r5n.16xlarge",
              "m5dn.metal",
              "r5.metal",
              "h1.16xlarge",
              "m6i.32xlarge",
              "m5n.metal",
              "t2.medium",
              "c5.2xlarge",
              "z1d.large",
              "m5d.12xlarge",
              "r5.xlarge",
              "c6id.12xlarge",
              "r5ad.2xlarge",
              "r5.2xlarge",
              "m5n.24xlarge",
              "m4.10xlarge",
              "x2iedn.4xlarge",
              "m5dn.4xlarge",
              "r5d.24xlarge",
              "r5b.16xlarge",
              "g5.xlarge",
              "r6i.metal",
              "c5d.metal",
              "g4dn.xlarge",
              "i3.8xlarge",
              "r3.xlarge",
              "z1d.12xlarge",
              "c5d.xlarge",
              "m5ad.xlarge",
              "r5n.xlarge",
              "i3.xlarge",
              "r6i.16xlarge",
              "m3.2xlarge",
              "u-6tb1.112xlarge",
              "m6id.metal",
              "m4.2xlarge",
              "c4.xlarge",
              "r5ad.xlarge",
              "m5.large",
              "r5dn.12xlarge",
              "m6a.16xlarge",
              "r6id.8xlarge",
              "c4.2xlarge",
              "r6i.12xlarge",
              "r6id.large",
              "i4i.large",
              "c5.large",
              "c5ad.2xlarge",
              "m5dn.16xlarge",
              "c6id.metal",
              "m5.16xlarge",
              "r5d.8xlarge",
              "x2iezn.2xlarge",
              "c3.4xlarge",
              "r5.8xlarge",
              "g5.16xlarge",
              "c5a.16xlarge",
              "x2idn.16xlarge",
              "x2iezn.12xlarge",
              "c6id.32xlarge",
              "x2iedn.16xlarge",
              "i2.8xlarge",
              "z1d.metal",
              "c5n.18xlarge",
              "m5ad.24xlarge",
              "x1e.16xlarge",
              "c3.2xlarge",
              "c6a.4xlarge",
              "c5.9xlarge",
              "z1d.6xlarge",
              "m5d.2xlarge",
              "c6a.xlarge",
              "r5ad.16xlarge",
              "r6id.metal",
              "m5dn.24xlarge",
              "m5zn.xlarge",
              "c5n.metal",
              "m6id.16xlarge",
              "t3.micro",
              "r4.xlarge",
              "i2.4xlarge",
              "x2idn.32xlarge",
              "r5dn.16xlarge",
              "t3a.large",
              "i3.large",
              "m5zn.metal",
              "r5d.12xlarge",
              "c6i.metal",
              "i3.4xlarge",
              "g4ad.16xlarge",
              "vt1.24xlarge",
              "c6id.2xlarge",
              "i3.16xlarge",
              "m6a.24xlarge",
              "r5d.metal",
              "p3.16xlarge",
              "g4dn.16xlarge",
              "c6id.4xlarge",
              "r5a.8xlarge",
              "m5a.24xlarge",
              "inf1.24xlarge",
              "t3.small",
              "g3s.xlarge",
              "m5n.2xlarge",
              "m6a.32xlarge",
              "g5.48xlarge",
              "c6i.xlarge",
              "p3.8xlarge",
              "x1e.4xlarge",
              "r5n.8xlarge",
              "p2.xlarge",
              "x1e.xlarge",
              "m6id.4xlarge",
              "t2.nano",
              "z1d.3xlarge",
              "x1.32xlarge",
              "i4i.xlarge",
              "d2.4xlarge",
              "r5ad.4xlarge",
              "i3.2xlarge",
              "i4i.32xlarge",
              "x2iezn.metal",
              "i3en.xlarge",
              "m6id.large",
              "m5a.large",
              "t3a.nano",
              "m5.2xlarge",
              "r5dn.2xlarge",
              "x2iedn.8xlarge",
              "m5ad.16xlarge",
              "m3.large",
              "r6i.32xlarge",
              "i3.metal",
              "r5a.24xlarge",
              "p2.16xlarge",
              "i3en.2xlarge",
              "dl1.24xlarge",
              "t2.xlarge",
              "m6id.24xlarge",
              "c6a.2xlarge",
              "g5.8xlarge",
              "c6i.12xlarge",
              "m2.xlarge",
              "d3.4xlarge",
              "r4.8xlarge",
              "x2iedn.24xlarge",
              "m6a.xlarge",
              "f1.16xlarge",
              "c6id.xlarge",
              "c5ad.large",
              "m6a.8xlarge",
              "x2iezn.6xlarge",
              "m3.medium",
              "c5ad.8xlarge",
              "m5a.xlarge",
              "t2.small",
              "r5dn.4xlarge",
              "i3en.large",
              "m5n.xlarge",
              "r5b.8xlarge",
              "r4.4xlarge",
              "m6i.xlarge",
              "r5.12xlarge",
              "x2iedn.32xlarge",
              "c5a.8xlarge",
              "r4.large",
              "r6i.8xlarge",
              "m6id.8xlarge",
              "i3en.metal",
              "m1.small",
              "cc2.8xlarge",
              "m6i.12xlarge",
              "d2.xlarge",
              "g2.8xlarge",
              "i4i.8xlarge",
              "g4dn.4xlarge",
              "r5n.metal",
              "u-9tb1.112xlarge",
              "c6a.large",
              "p3dn.24xlarge",
              "m1.medium",
              "g4dn.2xlarge",
              "d3en.12xlarge",
              "r6i.large",
              "i3en.6xlarge",
              "c5n.xlarge",
              "g4ad.xlarge",
              "m1.large",
              "c5d.9xlarge",
              "m6a.12xlarge",
              "t3a.micro",
              "c5a.large",
              "c5.18xlarge",
              "t3a.xlarge",
              "d3en.xlarge",
              "g4dn.8xlarge",
              "m6i.2xlarge",
              "m5d.4xlarge",
              "r5dn.24xlarge",
              "r5n.large",
              "m5a.12xlarge",
              "r6i.2xlarge",
              "m6a.48xlarge",
              "f1.4xlarge"
            ]
          },
          "sensitive_attributes": []
        }
      ]
    },
    {
      "mode": "managed",
      "type": "aws_instance",
      "name": "my_ec2_instance",
      "provider": "provider[\"registry.terraform.io/hashicorp/aws\"]",
      "instances": [
        {
          "schema_version": 1,
          "attributes": {
            "ami": "ami-085925f297f89fce1",
            "arn": "arn:aws:ec2:us-east-1:646226473694:instance/i-01e54af77709c1997",
            "associate_public_ip_address": true,
            "availability_zone": "us-east-1c",
            "capacity_reservation_specification": [
              {
                "capacity_reservation_preference": "open",
                "capacity_reservation_target": []
              }
            ],
            "cpu_core_count": 48,
            "cpu_threads_per_core": 2,
            "credit_specification": [],
            "disable_api_termination": false,
            "ebs_block_device": [],
            "ebs_optimized": false,
            "enclave_options": [
              {
                "enabled": false
              }
            ],
            "ephemeral_block_device": [],
            "get_password_data": false,
            "hibernation": false,
            "host_id": null,
            "iam_instance_profile": "",
            "id": "i-01e54af77709c1997",
            "instance_initiated_shutdown_behavior": "stop",
            "instance_state": "running",
            "instance_type": "x2iezn.4xlarge",
            "ipv6_address_count": 0,
            "ipv6_addresses": [],
            "key_name": "",
            "launch_template": [],
            "maintenance_options": [
              {
                "auto_recovery": "default"
              }
            ],
            "metadata_options": [
              {
                "http_endpoint": "enabled",
                "http_put_response_hop_limit": 1,
                "http_tokens": "optional",
                "instance_metadata_tags": "disabled"
              }
            ],
            "monitoring": false,
            "network_interface": [],
            "outpost_arn": "",
            "password_data": "",
            "placement_group": "",
            "placement_partition_number": null,
            "primary_network_interface_id": "eni-080f98d82860aba64",
            "private_dns": "ip-172-31-14-204.ec2.internal",
            "private_ip": "172.31.14.204",
            "public_dns": "ec2-3-228-22-67.compute-1.amazonaws.com",
            "public_ip": "3.228.22.67",
            "root_block_device": [
              {
                "delete_on_termination": true,
                "device_name": "/dev/sda1",
                "encrypted": false,
                "iops": 100,
                "kms_key_id": "",
                "tags": {},
                "throughput": 0,
                "volume_id": "vol-03477c3aca7a52b4e",
                "volume_size": 8,
                "volume_type": "gp2"
              }
            ],
            "secondary_private_ips": [],
            "security_groups": [
              "terraform-test-sg-aurelie"
            ],
            "source_dest_check": true,
            "subnet_id": "subnet-08be201c77c970fec",
            "tags": {
              "Name": "terraform tp aurelie"
            },
            "tags_all": {
              "Name": "terraform tp aurelie"
            },
            "tenancy": "default",
            "timeouts": null,
            "user_data": "f2a71c1338c97f4bdbe0f604e9fe83164c6b3ccc",
            "user_data_base64": null,
            "user_data_replace_on_change": false,
            "volume_tags": null,
            "vpc_security_group_ids": [
              "sg-07343899c1061a473"
            ]
          },
          "sensitive_attributes": [],
          "private": "eyJlMmJmYjczMC1lY2FhLTExZTYtOGY4OC0zNDM2M2JjN2M0YzAiOnsiY3JlYXRlIjo2MDAwMDAwMDAwMDAsImRlbGV0ZSI6MTIwMDAwMDAwMDAwMCwidXBkYXRlIjo2MDAwMDAwMDAwMDB9LCJzY2hlbWFfdmVyc2lvbiI6IjEifQ==",
          "dependencies": [
            "aws_security_group.instance_sg",
            "data.aws_ami.ubuntu-ami",
            "data.aws_ec2_instance_types.ami_instance"
          ]
        }
      ]
    },
    {
      "mode": "managed",
      "type": "aws_lambda_function",
      "name": "hello-world",
      "provider": "provider[\"registry.terraform.io/hashicorp/aws\"]",
      "instances": []
    },
    {
      "mode": "managed",
      "type": "aws_security_group",
      "name": "instance_sg",
      "provider": "provider[\"registry.terraform.io/hashicorp/aws\"]",
      "instances": [
        {
          "schema_version": 1,
          "attributes": {
            "arn": "arn:aws:ec2:us-east-1:646226473694:security-group/sg-07343899c1061a473",
            "description": "Managed by Terraform",
            "egress": [
              {
                "cidr_blocks": [
                  "0.0.0.0/0"
                ],
                "description": "",
                "from_port": 0,
                "ipv6_cidr_blocks": [],
                "prefix_list_ids": [],
                "protocol": "-1",
                "security_groups": [],
                "self": false,
                "to_port": 0
              }
            ],
            "id": "sg-07343899c1061a473",
            "ingress": [
              {
                "cidr_blocks": [
                  "0.0.0.0/0"
                ],
                "description": "",
                "from_port": 22,
                "ipv6_cidr_blocks": [],
                "prefix_list_ids": [],
                "protocol": "tcp",
                "security_groups": [],
                "self": false,
                "to_port": 22
              },
              {
                "cidr_blocks": [
                  "0.0.0.0/0"
                ],
                "description": "",
                "from_port": 80,
                "ipv6_cidr_blocks": [],
                "prefix_list_ids": [],
                "protocol": "tcp",
                "security_groups": [],
                "self": false,
                "to_port": 80
              }
            ],
            "name": "terraform-test-sg-aurelie",
            "name_prefix": "",
            "owner_id": "646226473694",
            "revoke_rules_on_delete": false,
            "tags": {},
            "tags_all": {},
            "timeouts": null,
            "vpc_id": "vpc-0bd45f9b06cb36bdc"
          },
          "sensitive_attributes": [],
          "private": "eyJlMmJmYjczMC1lY2FhLTExZTYtOGY4OC0zNDM2M2JjN2M0YzAiOnsiY3JlYXRlIjo2MDAwMDAwMDAwMDAsImRlbGV0ZSI6OTAwMDAwMDAwMDAwfSwic2NoZW1hX3ZlcnNpb24iOiIxIn0="
        }
      ]
    },
    {
      "module": "module.website_s3_bucket",
      "mode": "managed",
      "type": "aws_s3_bucket",
      "name": "s3_bucket",
      "provider": "provider[\"registry.terraform.io/hashicorp/aws\"]",
      "instances": [
        {
          "schema_version": 0,
          "attributes": {
            "acceleration_status": "",
            "acl": "public-read",
            "arn": "arn:aws:s3:::aurelie-terraform-module",
            "bucket": "aurelie-terraform-module",
            "bucket_domain_name": "aurelie-terraform-module.s3.amazonaws.com",
            "bucket_prefix": null,
            "bucket_regional_domain_name": "aurelie-terraform-module.s3.amazonaws.com",
            "cors_rule": [],
            "force_destroy": true,
            "grant": [
              {
                "id": "",
                "permissions": [
                  "READ"
                ],
                "type": "Group",
                "uri": "http://acs.amazonaws.com/groups/global/AllUsers"
              },
              {
                "id": "ddc88de551e28ca4fabdbe05c2a4408c59414ce058a7d41afb89f15368c985ea",
                "permissions": [
                  "FULL_CONTROL"
                ],
                "type": "CanonicalUser",
                "uri": ""
              }
            ],
            "hosted_zone_id": "Z3AQBSTGFYJSTF",
            "id": "aurelie-terraform-module",
            "lifecycle_rule": [],
            "logging": [],
            "object_lock_configuration": [],
            "object_lock_enabled": false,
            "policy": "{\"Version\":\"2012-10-17\",\"Statement\":[{\"Sid\":\"PublicReadGetObject\",\"Effect\":\"Allow\",\"Principal\":\"*\",\"Action\":\"s3:GetObject\",\"Resource\":\"arn:aws:s3:::aurelie-terraform-module/*\"}]}",
            "region": "us-east-1",
            "replication_configuration": [],
            "request_payer": "BucketOwner",
            "server_side_encryption_configuration": [],
            "tags": {},
            "tags_all": {},
            "versioning": [
              {
                "enabled": false,
                "mfa_delete": false
              }
            ],
            "website": [
              {
                "error_document": "error.html",
                "index_document": "hello.js",
                "redirect_all_requests_to": "",
                "routing_rules": ""
              }
            ],
            "website_domain": "s3-website-us-east-1.amazonaws.com",
            "website_endpoint": "aurelie-terraform-module.s3-website-us-east-1.amazonaws.com"
          },
          "sensitive_attributes": [],
          "private": "bnVsbA=="
        }
      ]
    }
  ]
}
